
Microsoft Visual Studio Solution File, Format Version 12.00
# Visual Studio 15
VisualStudioVersion = 15.0.26430.16
MinimumVisualStudioVersion = 10.0.40219.1
Project("{9A19103F-16F7-4668-BE54-9A1E7A4F7556}") = "NorthwindStore.App", "NorthwindStore.App\NorthwindStore.App.csproj", "{47561085-8C3A-4ABF-9DAB-0FDDF5FE619D}"
EndProject
Project("{9A19103F-16F7-4668-BE54-9A1E7A4F7556}") = "NorthwindStore.DAL", "NorthwindStore.DAL\NorthwindStore.DAL.csproj", "{DEC51287-ACA1-4ADC-B5DA-68FC048F276D}"
EndProject
Project("{9A19103F-16F7-4668-BE54-9A1E7A4F7556}") = "NorthwindStore.BL", "NorthwindStore.BL\NorthwindStore.BL.csproj", "{F81B13A7-58FB-417F-9FAD-DFBB7AEB329A}"
EndProject
Global
	GlobalSection(SolutionConfigurationPlatforms) = preSolution
		Debug|Any CPU = Debug|Any CPU
		Release|Any CPU = Release|Any CPU
	EndGlobalSection
	GlobalSection(ProjectConfigurationPlatforms) = postSolution
		{47561085-8C3A-4ABF-9DAB-0FDDF5FE619D}.Debug|Any CPU.ActiveCfg = Debug|Any CPU
		{47561085-8C3A-4ABF-9DAB-0FDDF5FE619D}.Debug|Any CPU.Build.0 = Debug|Any CPU
		{47561085-8C3A-4ABF-9DAB-0FDDF5FE619D}.Release|Any CPU.ActiveCfg = Release|Any CPU
		{47561085-8C3A-4ABF-9DAB-0FDDF5FE619D}.Release|Any CPU.Build.0 = Release|Any CPU
		{DEC51287-ACA1-4ADC-B5DA-68FC048F276D}.Debug|Any CPU.ActiveCfg = Debug|Any CPU
		{DEC51287-ACA1-4ADC-B5DA-68FC048F276D}.Debug|Any CPU.Build.0 = Debug|Any CPU
		{DEC51287-ACA1-4ADC-B5DA-68FC048F276D}.Release|Any CPU.ActiveCfg = Release|Any CPU
		{DEC51287-ACA1-4ADC-B5DA-68FC048F276D}.Release|Any CPU.Build.0 = Release|Any CPU
		{F81B13A7-58FB-417F-9FAD-DFBB7AEB329A}.Debug|Any CPU.ActiveCfg = Debug|Any CPU
		{F81B13A7-58FB-417F-9FAD-DFBB7AEB329A}.Debug|Any CPU.Build.0 = Debug|Any CPU
		{F81B13A7-58FB-417F-9FAD-DFBB7AEB329A}.Release|Any CPU.ActiveCfg = Release|Any CPU
		{F81B13A7-58FB-417F-9FAD-DFBB7AEB329A}.Release|Any CPU.Build.0 = Release|Any CPU
	EndGlobalSection
	GlobalSection(SolutionProperties) = preSolution
		HideSolutionNode = FALSE
	EndGlobalSection
EndGlobal
